// !$*UTF8*$!
{
	archiveVersion = 1;
	classes = {
	};
	objectVersion = 48;
	objects = {

/* Begin PBXBuildFile section */
		6DCDA5291FBCA87C00E51CD9 /* AppDelegate.swift in Sources */ = {isa = PBXBuildFile; fileRef = 6DCDA5281FBCA87C00E51CD9 /* AppDelegate.swift */; };
		6DCDA52B1FBCA87C00E51CD9 /* FirstViewController.swift in Sources */ = {isa = PBXBuildFile; fileRef = 6DCDA52A1FBCA87C00E51CD9 /* FirstViewController.swift */; };
		6DCDA52D1FBCA87C00E51CD9 /* SecondViewController.swift in Sources */ = {isa = PBXBuildFile; fileRef = 6DCDA52C1FBCA87C00E51CD9 /* SecondViewController.swift */; };
		6DCDA5301FBCA87C00E51CD9 /* Main.storyboard in Resources */ = {isa = PBXBuildFile; fileRef = 6DCDA52E1FBCA87C00E51CD9 /* Main.storyboard */; };
		6DCDA5321FBCA87C00E51CD9 /* Assets.xcassets in Resources */ = {isa = PBXBuildFile; fileRef = 6DCDA5311FBCA87C00E51CD9 /* Assets.xcassets */; };
		6DCDA5351FBCA87C00E51CD9 /* LaunchScreen.storyboard in Resources */ = {isa = PBXBuildFile; fileRef = 6DCDA5331FBCA87C00E51CD9 /* LaunchScreen.storyboard */; };
		6DCDA5401FBCA87C00E51CD9 /* shopTests.swift in Sources */ = {isa = PBXBuildFile; fileRef = 6DCDA53F1FBCA87C00E51CD9 /* shopTests.swift */; };
		6DCDA54B1FBCA87C00E51CD9 /* shopUITests.swift in Sources */ = {isa = PBXBuildFile; fileRef = 6DCDA54A1FBCA87C00E51CD9 /* shopUITests.swift */; };
		6DCDA5591FBCA92E00E51CD9 /* Item.swift in Sources */ = {isa = PBXBuildFile; fileRef = 6DCDA5581FBCA92E00E51CD9 /* Item.swift */; };
		6DCDA55B1FBCA93700E51CD9 /* ItemTableViewCell.swift in Sources */ = {isa = PBXBuildFile; fileRef = 6DCDA55A1FBCA93700E51CD9 /* ItemTableViewCell.swift */; };
/* End PBXBuildFile section */

/* Begin PBXContainerItemProxy section */
		6DCDA53C1FBCA87C00E51CD9 /* PBXContainerItemProxy */ = {
			isa = PBXContainerItemProxy;
			containerPortal = 6DCDA51D1FBCA87C00E51CD9 /* Project object */;
			proxyType = 1;
			remoteGlobalIDString = 6DCDA5241FBCA87C00E51CD9;
			remoteInfo = shop;
		};
		6DCDA5471FBCA87C00E51CD9 /* PBXContainerItemProxy */ = {
			isa = PBXContainerItemProxy;
			containerPortal = 6DCDA51D1FBCA87C00E51CD9 /* Project object */;
			proxyType = 1;
			remoteGlobalIDString = 6DCDA5241FBCA87C00E51CD9;
			remoteInfo = shop;
		};
/* End PBXContainerItemProxy section */

/* Begin PBXFileReference section */
		6DCDA5251FBCA87C00E51CD9 /* shop.app */ = {isa = PBXFileReference; explicitFileType = wrapper.application; includeInIndex = 0; path = shop.app; sourceTree = BUILT_PRODUCTS_DIR; };
		6DCDA5281FBCA87C00E51CD9 /* AppDelegate.swift */ = {isa = PBXFileReference; lastKnownFileType = sourcecode.swift; path = AppDelegate.swift; sourceTree = "<group>"; };
		6DCDA52A1FBCA87C00E51CD9 /* FirstViewController.swift */ = {isa = PBXFileReference; lastKnownFileType = sourcecode.swift; path = FirstViewController.swift; sourceTree = "<group>"; };
		6DCDA52C1FBCA87C00E51CD9 /* SecondViewController.swift */ = {isa = PBXFileReference; lastKnownFileType = sourcecode.swift; path = SecondViewController.swift; sourceTree = "<group>"; };
		6DCDA52F1FBCA87C00E51CD9 /* Base */ = {isa = PBXFileReference; lastKnownFileType = file.storyboard; name = Base; path = Base.lproj/Main.storyboard; sourceTree = "<group>"; };
		6DCDA5311FBCA87C00E51CD9 /* Assets.xcassets */ = {isa = PBXFileReference; lastKnownFileType = folder.assetcatalog; path = Assets.xcassets; sourceTree = "<group>"; };
		6DCDA5341FBCA87C00E51CD9 /* Base */ = {isa = PBXFileReference; lastKnownFileType = file.storyboard; name = Base; path = Base.lproj/LaunchScreen.storyboard; sourceTree = "<group>"; };
		6DCDA5361FBCA87C00E51CD9 /* Info.plist */ = {isa = PBXFileReference; lastKnownFileType = text.plist.xml; path = Info.plist; sourceTree = "<group>"; };
		6DCDA53B1FBCA87C00E51CD9 /* shopTests.xctest */ = {isa = PBXFileReference; explicitFileType = wrapper.cfbundle; includeInIndex = 0; path = shopTests.xctest; sourceTree = BUILT_PRODUCTS_DIR; };
		6DCDA53F1FBCA87C00E51CD9 /* shopTests.swift */ = {isa = PBXFileReference; lastKnownFileType = sourcecode.swift; path = shopTests.swift; sourceTree = "<group>"; };
		6DCDA5411FBCA87C00E51CD9 /* Info.plist */ = {isa = PBXFileReference; lastKnownFileType = text.plist.xml; path = Info.plist; sourceTree = "<group>"; };
		6DCDA5461FBCA87C00E51CD9 /* shopUITests.xctest */ = {isa = PBXFileReference; explicitFileType = wrapper.cfbundle; includeInIndex = 0; path = shopUITests.xctest; sourceTree = BUILT_PRODUCTS_DIR; };
		6DCDA54A1FBCA87C00E51CD9 /* shopUITests.swift */ = {isa = PBXFileReference; lastKnownFileType = sourcecode.swift; path = shopUITests.swift; sourceTree = "<group>"; };
		6DCDA54C1FBCA87C00E51CD9 /* Info.plist */ = {isa = PBXFileReference; lastKnownFileType = text.plist.xml; path = Info.plist; sourceTree = "<group>"; };
		6DCDA5581FBCA92E00E51CD9 /* Item.swift */ = {isa = PBXFileReference; fileEncoding = 4; lastKnownFileType = sourcecode.swift; name = Item.swift; path = ../../FastMagnum/FastMagnum/Item.swift; sourceTree = "<group>"; };
		6DCDA55A1FBCA93700E51CD9 /* ItemTableViewCell.swift */ = {isa = PBXFileReference; fileEncoding = 4; lastKnownFileType = sourcecode.swift; name = ItemTableViewCell.swift; path = ../../FastMagnum/FastMagnum/ItemTableViewCell.swift; sourceTree = "<group>"; };
/* End PBXFileReference section */

/* Begin PBXFrameworksBuildPhase section */
		6DCDA5221FBCA87C00E51CD9 /* Frameworks */ = {
			isa = PBXFrameworksBuildPhase;
			buildActionMask = 2147483647;
			files = (
			);
			runOnlyForDeploymentPostprocessing = 0;
		};
		6DCDA5381FBCA87C00E51CD9 /* Frameworks */ = {
			isa = PBXFrameworksBuildPhase;
			buildActionMask = 2147483647;
			files = (
			);
			runOnlyForDeploymentPostprocessing = 0;
		};
		6DCDA5431FBCA87C00E51CD9 /* Frameworks */ = {
			isa = PBXFrameworksBuildPhase;
			buildActionMask = 2147483647;
			files = (
			);
			runOnlyForDeploymentPostprocessing = 0;
		};
/* End PBXFrameworksBuildPhase section */

/* Begin PBXGroup section */
		6DCDA51C1FBCA87C00E51CD9 = {
			isa = PBXGroup;
			children = (
				6DCDA5271FBCA87C00E51CD9 /* shop */,
				6DCDA53E1FBCA87C00E51CD9 /* shopTests */,
				6DCDA5491FBCA87C00E51CD9 /* shopUITests */,
				6DCDA5261FBCA87C00E51CD9 /* Products */,
			);
			sourceTree = "<group>";
		};
		6DCDA5261FBCA87C00E51CD9 /* Products */ = {
			isa = PBXGroup;
			children = (
				6DCDA5251FBCA87C00E51CD9 /* shop.app */,
				6DCDA53B1FBCA87C00E51CD9 /* shopTests.xctest */,
				6DCDA5461FBCA87C00E51CD9 /* shopUITests.xctest */,
			);
			name = Products;
			sourceTree = "<group>";
		};
		6DCDA5271FBCA87C00E51CD9 /* shop */ = {
			isa = PBXGroup;
			children = (
				6DCDA55A1FBCA93700E51CD9 /* ItemTableViewCell.swift */,
				6DCDA5581FBCA92E00E51CD9 /* Item.swift */,
				6DCDA5281FBCA87C00E51CD9 /* AppDelegate.swift */,
				6DCDA52A1FBCA87C00E51CD9 /* FirstViewController.swift */,
				6DCDA52C1FBCA87C00E51CD9 /* SecondViewController.swift */,
				6DCDA52E1FBCA87C00E51CD9 /* Main.storyboard */,
				6DCDA5311FBCA87C00E51CD9 /* Assets.xcassets */,
				6DCDA5331FBCA87C00E51CD9 /* LaunchScreen.storyboard */,
				6DCDA5361FBCA87C00E51CD9 /* Info.plist */,
			);
			path = shop;
			sourceTree = "<group>";
		};
		6DCDA53E1FBCA87C00E51CD9 /* shopTests */ = {
			isa = PBXGroup;
			children = (
				6DCDA53F1FBCA87C00E51CD9 /* shopTests.swift */,
				6DCDA5411FBCA87C00E51CD9 /* Info.plist */,
			);
			path = shopTests;
			sourceTree = "<group>";
		};
		6DCDA5491FBCA87C00E51CD9 /* shopUITests */ = {
			isa = PBXGroup;
			children = (
				6DCDA54A1FBCA87C00E51CD9 /* shopUITests.swift */,
				6DCDA54C1FBCA87C00E51CD9 /* Info.plist */,
			);
			path = shopUITests;
			sourceTree = "<group>";
		};
/* End PBXGroup section */

/* Begin PBXNativeTarget section */
		6DCDA5241FBCA87C00E51CD9 /* shop */ = {
			isa = PBXNativeTarget;
			buildConfigurationList = 6DCDA54F1FBCA87C00E51CD9 /* Build configuration list for PBXNativeTarget "shop" */;
			buildPhases = (
				6DCDA5211FBCA87C00E51CD9 /* Sources */,
				6DCDA5221FBCA87C00E51CD9 /* Frameworks */,
				6DCDA5231FBCA87C00E51CD9 /* Resources */,
			);
			buildRules = (
			);
			dependencies = (
			);
			name = shop;
			productName = shop;
			productReference = 6DCDA5251FBCA87C00E51CD9 /* shop.app */;
			productType = "com.apple.product-type.application";
		};
		6DCDA53A1FBCA87C00E51CD9 /* shopTests */ = {
			isa = PBXNativeTarget;
			buildConfigurationList = 6DCDA5521FBCA87C00E51CD9 /* Build configuration list for PBXNativeTarget "shopTests" */;
			buildPhases = (
				6DCDA5371FBCA87C00E51CD9 /* Sources */,
				6DCDA5381FBCA87C00E51CD9 /* Frameworks */,
				6DCDA5391FBCA87C00E51CD9 /* Resources */,
			);
			buildRules = (
			);
			dependencies = (
				6DCDA53D1FBCA87C00E51CD9 /* PBXTargetDependency */,
			);
			name = shopTests;
			productName = shopTests;
			productReference = 6DCDA53B1FBCA87C00E51CD9 /* shopTests.xctest */;
			productType = "com.apple.product-type.bundle.unit-test";
		};
		6DCDA5451FBCA87C00E51CD9 /* shopUITests */ = {
			isa = PBXNativeTarget;
			buildConfigurationList = 6DCDA5551FBCA87C00E51CD9 /* Build configuration list for PBXNativeTarget "shopUITests" */;
			buildPhases = (
				6DCDA5421FBCA87C00E51CD9 /* Sources */,
				6DCDA5431FBCA87C00E51CD9 /* Frameworks */,
				6DCDA5441FBCA87C00E51CD9 /* Resources */,
			);
			buildRules = (
			);
			dependencies = (
				6DCDA5481FBCA87C00E51CD9 /* PBXTargetDependency */,
			);
			name = shopUITests;
			productName = shopUITests;
			productReference = 6DCDA5461FBCA87C00E51CD9 /* shopUITests.xctest */;
			productType = "com.apple.product-type.bundle.ui-testing";
		};
/* End PBXNativeTarget section */

/* Begin PBXProject section */
		6DCDA51D1FBCA87C00E51CD9 /* Project object */ = {
			isa = PBXProject;
			attributes = {
				LastSwiftUpdateCheck = 0910;
				LastUpgradeCheck = 0910;
				ORGANIZATIONNAME = "Beisenbek Yerbolat";
				TargetAttributes = {
					6DCDA5241FBCA87C00E51CD9 = {
						CreatedOnToolsVersion = 9.1;
						ProvisioningStyle = Automatic;
					};
					6DCDA53A1FBCA87C00E51CD9 = {
						CreatedOnToolsVersion = 9.1;
						ProvisioningStyle = Automatic;
						TestTargetID = 6DCDA5241FBCA87C00E51CD9;
					};
					6DCDA5451FBCA87C00E51CD9 = {
						CreatedOnToolsVersion = 9.1;
						ProvisioningStyle = Automatic;
						TestTargetID = 6DCDA5241FBCA87C00E51CD9;
					};
				};
			};
			buildConfigurationList = 6DCDA5201FBCA87C00E51CD9 /* Build configuration list for PBXProject "shop" */;
			compatibilityVersion = "Xcode 8.0";
			developmentRegion = en;
			hasScannedForEncodings = 0;
			knownRegions = (
				en,
				Base,
			);
			mainGroup = 6DCDA51C1FBCA87C00E51CD9;
			productRefGroup = 6DCDA5261FBCA87C00E51CD9 /* Products */;
			projectDirPath = "";
			projectRoot = "";
			targets = (
				6DCDA5241FBCA87C00E51CD9 /* shop */,
				6DCDA53A1FBCA87C00E51CD9 /* shopTests */,
				6DCDA5451FBCA87C00E51CD9 /* shopUITests */,
			);
		};
/* End PBXProject section */

/* Begin PBXResourcesBuildPhase section */
		6DCDA5231FBCA87C00E51CD9 /* Resources */ = {
			isa = PBXResourcesBuildPhase;
			buildActionMask = 2147483647;
			files = (
				6DCDA5351FBCA87C00E51CD9 /* LaunchScreen.storyboard in Resources */,
				6DCDA5321FBCA87C00E51CD9 /* Assets.xcassets in Resources */,
				6DCDA5301FBCA87C00E51CD9 /* Main.storyboard in Resources */,
			);
			runOnlyForDeploymentPostprocessing = 0;
		};
		6DCDA5391FBCA87C00E51CD9 /* Resources */ = {
			isa = PBXResourcesBuildPhase;
			buildActionMask = 2147483647;
			files = (
			);
			runOnlyForDeploymentPostprocessing = 0;
		};
		6DCDA5441FBCA87C00E51CD9 /* Resources */ = {
			isa = PBXResourcesBuildPhase;
			buildActionMask = 2147483647;
			files = (
			);
			runOnlyForDeploymentPostprocessing = 0;
		};
/* End PBXResourcesBuildPhase section */

/* Begin PBXSourcesBuildPhase section */
		6DCDA5211FBCA87C00E51CD9 /* Sources */ = {
			isa = PBXSourcesBuildPhase;
			buildActionMask = 2147483647;
			files = (
				6DCDA5591FBCA92E00E51CD9 /* Item.swift in Sources */,
				6DCDA52D1FBCA87C00E51CD9 /* SecondViewController.swift in Sources */,
				6DCDA55B1FBCA93700E51CD9 /* ItemTableViewCell.swift in Sources */,
				6DCDA5291FBCA87C00E51CD9 /* AppDelegate.swift in Sources */,
				6DCDA52B1FBCA87C00E51CD9 /* FirstViewController.swift in Sources */,
			);
			runOnlyForDeploymentPostprocessing = 0;
		};
		6DCDA5371FBCA87C00E51CD9 /* Sources */ = {
			isa = PBXSourcesBuildPhase;
			buildActionMask = 2147483647;
			files = (
				6DCDA5401FBCA87C00E51CD9 /* shopTests.swift in Sources */,
			);
			runOnlyForDeploymentPostprocessing = 0;
		};
		6DCDA5421FBCA87C00E51CD9 /* Sources */ = {
			isa = PBXSourcesBuildPhase;
			buildActionMask = 2147483647;
			files = (
				6DCDA54B1FBCA87C00E51CD9 /* shopUITests.swift in Sources */,
			);
			runOnlyForDeploymentPostprocessing = 0;
		};
/* End PBXSourcesBuildPhase section */

/* Begin PBXTargetDependency section */
		6DCDA53D1FBCA87C00E51CD9 /* PBXTargetDependency */ = {
			isa = PBXTargetDependency;
			target = 6DCDA5241FBCA87C00E51CD9 /* shop */;
			targetProxy = 6DCDA53C1FBCA87C00E51CD9 /* PBXContainerItemProxy */;
		};
		6DCDA5481FBCA87C00E51CD9 /* PBXTargetDependency */ = {
			isa = PBXTargetDependency;
			target = 6DCDA5241FBCA87C00E51CD9 /* shop */;
			targetProxy = 6DCDA5471FBCA87C00E51CD9 /* PBXContainerItemProxy */;
		};
/* End PBXTargetDependency section */

/* Begin PBXVariantGroup section */
		6DCDA52E1FBCA87C00E51CD9 /* Main.storyboard */ = {
			isa = PBXVariantGroup;
			children = (
				6DCDA52F1FBCA87C00E51CD9 /* Base */,
			);
			name = Main.storyboard;
			sourceTree = "<group>";
		};
		6DCDA5331FBCA87C00E51CD9 /* LaunchScreen.storyboard */ = {
			isa = PBXVariantGroup;
			children = (
				6DCDA5341FBCA87C00E51CD9 /* Base */,
			);
			name = LaunchScreen.storyboard;
			sourceTree = "<group>";
		};
/* End PBXVariantGroup section */

/* Begin XCBuildConfiguration section */
		6DCDA54D1FBCA87C00E51CD9 /* Debug */ = {
			isa = XCBuildConfiguration;
			buildSettings = {
				ALWAYS_SEARCH_USER_PATHS = NO;
				CLANG_ANALYZER_NONNULL = YES;
				CLANG_ANALYZER_NUMBER_OBJECT_CONVERSION = YES_AGGRESSIVE;
				CLANG_CXX_LANGUAGE_STANDARD = "gnu++14";
				CLANG_CXX_LIBRARY = "libc++";
				CLANG_ENABLE_MODULES = YES;
				CLANG_ENABLE_OBJC_ARC = YES;
				CLANG_WARN_BLOCK_CAPTURE_AUTORELEASING = YES;
				CLANG_WARN_BOOL_CONVERSION = YES;
				CLANG_WARN_COMMA = YES;
				CLANG_WARN_CONSTANT_CONVERSION = YES;
				CLANG_WARN_DIRECT_OBJC_ISA_USAGE = YES_ERROR;
				CLANG_WARN_DOCUMENTATION_COMMENTS = YES;
				CLANG_WARN_EMPTY_BODY = YES;
				CLANG_WARN_ENUM_CONVERSION = YES;
				CLANG_WARN_INFINITE_RECURSION = YES;
				CLANG_WARN_INT_CONVERSION = YES;
				CLANG_WARN_NON_LITERAL_NULL_CONVERSION = YES;
				CLANG_WARN_OBJC_LITERAL_CONVERSION = YES;
				CLANG_WARN_OBJC_ROOT_CLASS = YES_ERROR;
				CLANG_WARN_RANGE_LOOP_ANALYSIS = YES;
				CLANG_WARN_STRICT_PROTOTYPES = YES;
				CLANG_WARN_SUSPICIOUS_MOVE = YES;
				CLANG_WARN_UNGUARDED_AVAILABILITY = YES_AGGRESSIVE;
				CLANG_WARN_UNREACHABLE_CODE = YES;
				CLANG_WARN__DUPLICATE_METHOD_MATCH = YES;
				CODE_SIGN_IDENTITY = "iPhone Developer";
				COPY_PHASE_STRIP = NO;
				DEBUG_INFORMATION_FORMAT = dwarf;
				ENABLE_STRICT_OBJC_MSGSEND = YES;
				ENABLE_TESTABILITY = YES;
				GCC_C_LANGUAGE_STANDARD = gnu11;
				GCC_DYNAMIC_NO_PIC = NO;
				GCC_NO_COMMON_BLOCKS = YES;
				GCC_OPTIMIZATION_LEVEL = 0;
				GCC_PREPROCESSOR_DEFINITIONS = (
					"DEBUG=1",
					"$(inherited)",
				);
				GCC_WARN_64_TO_32_BIT_CONVERSION = YES;
				GCC_WARN_ABOUT_RETURN_TYPE = YES_ERROR;
				GCC_WARN_UNDECLARED_SELECTOR = YES;
				GCC_WARN_UNINITIALIZED_AUTOS = YES_AGGRESSIVE;
				GCC_WARN_UNUSED_FUNCTION = YES;
				GCC_WARN_UNUSED_VARIABLE = YES;
				IPHONEOS_DEPLOYMENT_TARGET = 11.1;
				MTL_ENABLE_DEBUG_INFO = YES;
				ONLY_ACTIVE_ARCH = YES;
				SDKROOT = iphoneos;
				SWIFT_ACTIVE_COMPILATION_CONDITIONS = DEBUG;
				SWIFT_OPTIMIZATION_LEVEL = "-Onone";
			};
			name = Debug;
		};
		6DCDA54E1FBCA87C00E51CD9 /* Release */ = {
			isa = XCBuildConfiguration;
			buildSettings = {
				ALWAYS_SEARCH_USER_PATHS = NO;
				CLANG_ANALYZER_NONNULL = YES;
				CLANG_ANALYZER_NUMBER_OBJECT_CONVERSION = YES_AGGRESSIVE;
				CLANG_CXX_LANGUAGE_STANDARD = "gnu++14";
				CLANG_CXX_LIBRARY = "libc++";
				CLANG_ENABLE_MODULES = YES;
				CLANG_ENABLE_OBJC_ARC = YES;
				CLANG_WARN_BLOCK_CAPTURE_AUTORELEASING = YES;
				CLANG_WARN_BOOL_CONVERSION = YES;
				CLANG_WARN_COMMA = YES;
				CLANG_WARN_CONSTANT_CONVERSION = YES;
				CLANG_WARN_DIRECT_OBJC_ISA_USAGE = YES_ERROR;
				CLANG_WARN_DOCUMENTATION_COMMENTS = YES;
				CLANG_WARN_EMPTY_BODY = YES;
				CLANG_WARN_ENUM_CONVERSION = YES;
				CLANG_WARN_INFINITE_RECURSION = YES;
				CLANG_WARN_INT_CONVERSION = YES;
				CLANG_WARN_NON_LITERAL_NULL_CONVERSION = YES;
				CLANG_WARN_OBJC_LITERAL_CONVERSION = YES;
				CLANG_WARN_OBJC_ROOT_CLASS = YES_ERROR;
				CLANG_WARN_RANGE_LOOP_ANALYSIS = YES;
				CLANG_WARN_STRICT_PROTOTYPES = YES;
				CLANG_WARN_SUSPICIOUS_MOVE = YES;
				CLANG_WARN_UNGUARDED_AVAILABILITY = YES_AGGRESSIVE;
				CLANG_WARN_UNREACHABLE_CODE = YES;
				CLANG_WARN__DUPLICATE_METHOD_MATCH = YES;
				CODE_SIGN_IDENTITY = "iPhone Developer";
				COPY_PHASE_STRIP = NO;
				DEBUG_INFORMATION_FORMAT = "dwarf-with-dsym";
				ENABLE_NS_ASSERTIONS = NO;
				ENABLE_STRICT_OBJC_MSGSEND = YES;
				GCC_C_LANGUAGE_STANDARD = gnu11;
				GCC_NO_COMMON_BLOCKS = YES;
				GCC_WARN_64_TO_32_BIT_CONVERSION = YES;
				GCC_WARN_ABOUT_RETURN_TYPE = YES_ERROR;
				GCC_WARN_UNDECLARED_SELECTOR = YES;
				GCC_WARN_UNINITIALIZED_AUTOS = YES_AGGRESSIVE;
				GCC_WARN_UNUSED_FUNCTION = YES;
				GCC_WARN_UNUSED_VARIABLE = YES;
				IPHONEOS_DEPLOYMENT_TARGET = 11.1;
				MTL_ENABLE_DEBUG_INFO = NO;
				SDKROOT = iphoneos;
				SWIFT_OPTIMIZATION_LEVEL = "-Owholemodule";
				VALIDATE_PRODUCT = YES;
			};
			name = Release;
		};
		6DCDA5501FBCA87C00E51CD9 /* Debug */ = {
			isa = XCBuildConfiguration;
			buildSettings = {
				ASSETCATALOG_COMPILER_APPICON_NAME = AppIcon;
				CODE_SIGN_STYLE = Automatic;
				DEVELOPMENT_TEAM = Q6E6V8K2WA;
				INFOPLIST_FILE = shop/Info.plist;
				LD_RUNPATH_SEARCH_PATHS = "$(inherited) @executable_path/Frameworks";
				PRODUCT_BUNDLE_IDENTIFIER = encore.shop;
				PRODUCT_NAME = "$(TARGET_NAME)";
				SWIFT_VERSION = 4.0;
				TARGETED_DEVICE_FAMILY = "1,2";
			};
			name = Debug;
		};
		6DCDA5511FBCA87C00E51CD9 /* Release */ = {
			isa = XCBuildConfiguration;
			buildSettings = {
				ASSETCATALOG_COMPILER_APPICON_NAME = AppIcon;
				CODE_SIGN_STYLE = Automatic;
				DEVELOPMENT_TEAM = Q6E6V8K2WA;
				INFOPLIST_FILE = shop/Info.plist;
				LD_RUNPATH_SEARCH_PATHS = "$(inherited) @executable_path/Frameworks";
				PRODUCT_BUNDLE_IDENTIFIER = encore.shop;
				PRODUCT_NAME = "$(TARGET_NAME)";
				SWIFT_VERSION = 4.0;
				TARGETED_DEVICE_FAMILY = "1,2";
			};
			name = Release;
		};
		6DCDA5531FBCA87C00E51CD9 /* Debug */ = {
			isa = XCBuildConfiguration;
			buildSettings = {
				ALWAYS_EMBED_SWIFT_STANDARD_LIBRARIES = YES;
				BUNDLE_LOADER = "$(TEST_HOST)";
				CODE_SIGN_STYLE = Automatic;
				DEVELOPMENT_TEAM = Q6E6V8K2WA;
				INFOPLIST_FILE = shopTests/Info.plist;
				LD_RUNPATH_SEARCH_PATHS = "$(inherited) @executable_path/Frameworks @loader_path/Frameworks";
				PRODUCT_BUNDLE_IDENTIFIER = encore.shopTests;
				PRODUCT_NAME = "$(TARGET_NAME)";
				SWIFT_VERSION = 4.0;
				TARGETED_DEVICE_FAMILY = "1,2";
				TEST_HOST = "$(BUILT_PRODUCTS_DIR)/shop.app/shop";
			};
			name = Debug;
		};
		6DCDA5541FBCA87C00E51CD9 /* Release */ = {
			isa = XCBuildConfiguration;
			buildSettings = {
				ALWAYS_EMBED_SWIFT_STANDARD_LIBRARIES = YES;
				BUNDLE_LOADER = "$(TEST_HOST)";
				CODE_SIGN_STYLE = Automatic;
				DEVELOPMENT_TEAM = Q6E6V8K2WA;
				INFOPLIST_FILE = shopTests/Info.plist;
				LD_RUNPATH_SEARCH_PATHS = "$(inherited) @executable_path/Frameworks @loader_path/Frameworks";
				PRODUCT_BUNDLE_IDENTIFIER = encore.shopTests;
				PRODUCT_NAME = "$(TARGET_NAME)";
				SWIFT_VERSION = 4.0;
				TARGETED_DEVICE_FAMILY = "1,2";
				TEST_HOST = "$(BUILT_PRODUCTS_DIR)/shop.app/shop";
			};
			name = Release;
		};
		6DCDA5561FBCA87C00E51CD9 /* Debug */ = {
			isa = XCBuildConfiguration;
			buildSettings = {
				ALWAYS_EMBED_SWIFT_STANDARD_LIBRARIES = YES;
				CODE_SIGN_STYLE = Automatic;
				DEVELOPMENT_TEAM = Q6E6V8K2WA;
				INFOPLIST_FILE = shopUITests/Info.plist;
				LD_RUNPATH_SEARCH_PATHS = "$(inherited) @executable_path/Frameworks @loader_path/Frameworks";
				PRODUCT_BUNDLE_IDENTIFIER = encore.shopUITests;
				PRODUCT_NAME = "$(TARGET_NAME)";
				SWIFT_VERSION = 4.0;
				TARGETED_DEVICE_FAMILY = "1,2";
				TEST_TARGET_NAME = shop;
			};
			name = Debug;
		};
		6DCDA5571FBCA87C00E51CD9 /* Release */ = {
			isa = XCBuildConfiguration;
			buildSettings = {
				ALWAYS_EMBED_SWIFT_STANDARD_LIBRARIES = YES;
				CODE_SIGN_STYLE = Automatic;
				DEVELOPMENT_TEAM = Q6E6V8K2WA;
				INFOPLIST_FILE = shopUITests/Info.plist;
				LD_RUNPATH_SEARCH_PATHS = "$(inherited) @executable_path/Frameworks @loader_path/Frameworks";
				PRODUCT_BUNDLE_IDENTIFIER = encore.shopUITests;
				PRODUCT_NAME = "$(TARGET_NAME)";
				SWIFT_VERSION = 4.0;
				TARGETED_DEVICE_FAMILY = "1,2";
				TEST_TARGET_NAME = shop;
			};
			name = Release;
		};
/* End XCBuildConfiguration section */

/* Begin XCConfigurationList section */
		6DCDA5201FBCA87C00E51CD9 /* Build configuration list for PBXProject "shop" */ = {
			isa = XCConfigurationList;
			buildConfigurations = (
				6DCDA54D1FBCA87C00E51CD9 /* Debug */,
				6DCDA54E1FBCA87C00E51CD9 /* Release */,
			);
			defaultConfigurationIsVisible = 0;
			defaultConfigurationName = Release;
		};
		6DCDA54F1FBCA87C00E51CD9 /* Build configuration list for PBXNativeTarget "shop" */ = {
			isa = XCConfigurationList;
			buildConfigurations = (
				6DCDA5501FBCA87C00E51CD9 /* Debug */,
				6DCDA5511FBCA87C00E51CD9 /* Release */,
			);
			defaultConfigurationIsVisible = 0;
			defaultConfigurationName = Release;
		};
		6DCDA5521FBCA87C00E51CD9 /* Build configuration list for PBXNativeTarget "shopTests" */ = {
			isa = XCConfigurationList;
			buildConfigurations = (
				6DCDA5531FBCA87C00E51CD9 /* Debug */,
				6DCDA5541FBCA87C00E51CD9 /* Release */,
			);
			defaultConfigurationIsVisible = 0;
			defaultConfigurationName = Release;
		};
		6DCDA5551FBCA87C00E51CD9 /* Build configuration list for PBXNativeTarget "shopUITests" */ = {
			isa = XCConfigurationList;
			buildConfigurations = (
				6DCDA5561FBCA87C00E51CD9 /* Debug */,
				6DCDA5571FBCA87C00E51CD9 /* Release */,
			);
			defaultConfigurationIsVisible = 0;
			defaultConfigurationName = Release;
		};
/* End XCConfigurationList section */
	};
	rootObject = 6DCDA51D1FBCA87C00E51CD9 /* Project object */;
}
